
Microsoft Visual Studio Solution File, Format Version 12.00
# Visual Studio Version 16
VisualStudioVersion = 16.0.30804.86
MinimumVisualStudioVersion = 10.0.40219.1
Project("{9A19103F-16F7-4668-BE54-9A1E7A4F7556}") = "BackendReservaAprende", "BackendReservaAprende\BackendReservaAprende.csproj", "{1A248A34-78B2-4E69-A37F-64623A4D93C2}"
EndProject
Project("{FAE04EC0-301F-11D3-BF4B-00C04F79EFBC}") = "Servicios", "Servicios\Servicios.csproj", "{B8B14DD1-F70E-4B2E-BE87-00D26C6B4F33}"
EndProject
Project("{FAE04EC0-301F-11D3-BF4B-00C04F79EFBC}") = "Repositorios", "Repositorios\Repositorios.csproj", "{65A280D8-9D78-492A-B6E5-D00EB0443462}"
EndProject
Project("{FAE04EC0-301F-11D3-BF4B-00C04F79EFBC}") = "DatosDto", "DatosDto\DatosDto.csproj", "{F43245EE-2EBA-4EC9-A2E5-EE001C999840}"
EndProject
Project("{FAE04EC0-301F-11D3-BF4B-00C04F79EFBC}") = "ModeloDatos", "ModeloDatos\ModeloDatos.csproj", "{9A9C15C0-1A17-4ECA-A395-EBCF563AE3A8}"
EndProject
Global
	GlobalSection(SolutionConfigurationPlatforms) = preSolution
		Debug|Any CPU = Debug|Any CPU
		Release|Any CPU = Release|Any CPU
	EndGlobalSection
	GlobalSection(ProjectConfigurationPlatforms) = postSolution
		{1A248A34-78B2-4E69-A37F-64623A4D93C2}.Debug|Any CPU.ActiveCfg = Debug|Any CPU
		{1A248A34-78B2-4E69-A37F-64623A4D93C2}.Debug|Any CPU.Build.0 = Debug|Any CPU
		{1A248A34-78B2-4E69-A37F-64623A4D93C2}.Release|Any CPU.ActiveCfg = Release|Any CPU
		{1A248A34-78B2-4E69-A37F-64623A4D93C2}.Release|Any CPU.Build.0 = Release|Any CPU
		{B8B14DD1-F70E-4B2E-BE87-00D26C6B4F33}.Debug|Any CPU.ActiveCfg = Debug|Any CPU
		{B8B14DD1-F70E-4B2E-BE87-00D26C6B4F33}.Debug|Any CPU.Build.0 = Debug|Any CPU
		{B8B14DD1-F70E-4B2E-BE87-00D26C6B4F33}.Release|Any CPU.ActiveCfg = Release|Any CPU
		{B8B14DD1-F70E-4B2E-BE87-00D26C6B4F33}.Release|Any CPU.Build.0 = Release|Any CPU
		{65A280D8-9D78-492A-B6E5-D00EB0443462}.Debug|Any CPU.ActiveCfg = Debug|Any CPU
		{65A280D8-9D78-492A-B6E5-D00EB0443462}.Debug|Any CPU.Build.0 = Debug|Any CPU
		{65A280D8-9D78-492A-B6E5-D00EB0443462}.Release|Any CPU.ActiveCfg = Release|Any CPU
		{65A280D8-9D78-492A-B6E5-D00EB0443462}.Release|Any CPU.Build.0 = Release|Any CPU
		{F43245EE-2EBA-4EC9-A2E5-EE001C999840}.Debug|Any CPU.ActiveCfg = Debug|Any CPU
		{F43245EE-2EBA-4EC9-A2E5-EE001C999840}.Debug|Any CPU.Build.0 = Debug|Any CPU
		{F43245EE-2EBA-4EC9-A2E5-EE001C999840}.Release|Any CPU.ActiveCfg = Release|Any CPU
		{F43245EE-2EBA-4EC9-A2E5-EE001C999840}.Release|Any CPU.Build.0 = Release|Any CPU
		{9A9C15C0-1A17-4ECA-A395-EBCF563AE3A8}.Debug|Any CPU.ActiveCfg = Debug|Any CPU
		{9A9C15C0-1A17-4ECA-A395-EBCF563AE3A8}.Debug|Any CPU.Build.0 = Debug|Any CPU
		{9A9C15C0-1A17-4ECA-A395-EBCF563AE3A8}.Release|Any CPU.ActiveCfg = Release|Any CPU
		{9A9C15C0-1A17-4ECA-A395-EBCF563AE3A8}.Release|Any CPU.Build.0 = Release|Any CPU
	EndGlobalSection
	GlobalSection(SolutionProperties) = preSolution
		HideSolutionNode = FALSE
	EndGlobalSection
	GlobalSection(ExtensibilityGlobals) = postSolution
		SolutionGuid = {E0399BDB-1C24-440F-B083-C7F24CCBD714}
	EndGlobalSection
EndGlobal
